// !$*UTF8*$!
{
	archiveVersion = 1;
	classes = {
	};
	objectVersion = 55;
	objects = {

/* Begin PBXBuildFile section */
		989185D2290583F8001A8DA2 /* UserInfoVC.swift in Sources */ = {isa = PBXBuildFile; fileRef = 989185D1290583F8001A8DA2 /* UserInfoVC.swift */; };
		989185D42905B2B6001A8DA2 /* GFSecondaryLabel.swift in Sources */ = {isa = PBXBuildFile; fileRef = 989185D32905B2B6001A8DA2 /* GFSecondaryLabel.swift */; };
		989185D62905B619001A8DA2 /* GFUserInfoHeaderVC.swift in Sources */ = {isa = PBXBuildFile; fileRef = 989185D52905B619001A8DA2 /* GFUserInfoHeaderVC.swift */; };
		989185DA2905C3BB001A8DA2 /* Constants.swift in Sources */ = {isa = PBXBuildFile; fileRef = 989185D92905C3BB001A8DA2 /* Constants.swift */; };
		98945B0528D9AC6F005C1938 /* AppDelegate.swift in Sources */ = {isa = PBXBuildFile; fileRef = 98945B0428D9AC6F005C1938 /* AppDelegate.swift */; };
		98945B0728D9AC6F005C1938 /* SceneDelegate.swift in Sources */ = {isa = PBXBuildFile; fileRef = 98945B0628D9AC6F005C1938 /* SceneDelegate.swift */; };
		98945B0E28D9AC71005C1938 /* Assets.xcassets in Resources */ = {isa = PBXBuildFile; fileRef = 98945B0D28D9AC71005C1938 /* Assets.xcassets */; };
		98945B1128D9AC71005C1938 /* LaunchScreen.storyboard in Resources */ = {isa = PBXBuildFile; fileRef = 98945B0F28D9AC71005C1938 /* LaunchScreen.storyboard */; };
		98945B1D28D9C38B005C1938 /* SearchVC.swift in Sources */ = {isa = PBXBuildFile; fileRef = 98945B1C28D9C38B005C1938 /* SearchVC.swift */; };
		98945B1F28D9C3AF005C1938 /* FavoritesListVC.swift in Sources */ = {isa = PBXBuildFile; fileRef = 98945B1E28D9C3AF005C1938 /* FavoritesListVC.swift */; };
		98945B2128D9CD8E005C1938 /* GFButton.swift in Sources */ = {isa = PBXBuildFile; fileRef = 98945B2028D9CD8E005C1938 /* GFButton.swift */; };
		98945B2328D9CF19005C1938 /* GFTextField.swift in Sources */ = {isa = PBXBuildFile; fileRef = 98945B2228D9CF19005C1938 /* GFTextField.swift */; };
		98945B2528D9F174005C1938 /* FollowerListVC.swift in Sources */ = {isa = PBXBuildFile; fileRef = 98945B2428D9F174005C1938 /* FollowerListVC.swift */; };
		98945B2728D9F416005C1938 /* String+Extension.swift in Sources */ = {isa = PBXBuildFile; fileRef = 98945B2628D9F416005C1938 /* String+Extension.swift */; };
		98945B2928DA13FC005C1938 /* GFTitleLabel.swift in Sources */ = {isa = PBXBuildFile; fileRef = 98945B2828DA13FC005C1938 /* GFTitleLabel.swift */; };
		98945B2B28DA14CB005C1938 /* GFBodyLabel.swift in Sources */ = {isa = PBXBuildFile; fileRef = 98945B2A28DA14CB005C1938 /* GFBodyLabel.swift */; };
		98945B2D28DA1585005C1938 /* GFAlertVC.swift in Sources */ = {isa = PBXBuildFile; fileRef = 98945B2C28DA1585005C1938 /* GFAlertVC.swift */; };
		98945B2F28DA15E6005C1938 /* GFContainerAlertView.swift in Sources */ = {isa = PBXBuildFile; fileRef = 98945B2E28DA15E6005C1938 /* GFContainerAlertView.swift */; };
		98945B3128DA1EFB005C1938 /* UIViewController+Extension.swift in Sources */ = {isa = PBXBuildFile; fileRef = 98945B3028DA1EFB005C1938 /* UIViewController+Extension.swift */; };
		98945B3828DA58E8005C1938 /* Follower.swift in Sources */ = {isa = PBXBuildFile; fileRef = 98945B3728DA58E8005C1938 /* Follower.swift */; };
		98945B3A28DA5988005C1938 /* User.swift in Sources */ = {isa = PBXBuildFile; fileRef = 98945B3928DA5988005C1938 /* User.swift */; };
		98945B3D28DA6C35005C1938 /* NetworkManager.swift in Sources */ = {isa = PBXBuildFile; fileRef = 98945B3C28DA6C35005C1938 /* NetworkManager.swift */; };
		98945B4028DA7A76005C1938 /* GFError.swift in Sources */ = {isa = PBXBuildFile; fileRef = 98945B3F28DA7A76005C1938 /* GFError.swift */; };
		98945B4328DB1230005C1938 /* FollowerCells.swift in Sources */ = {isa = PBXBuildFile; fileRef = 98945B4228DB1230005C1938 /* FollowerCells.swift */; };
		98945B4528DB145E005C1938 /* GFAvatarImageView.swift in Sources */ = {isa = PBXBuildFile; fileRef = 98945B4428DB145E005C1938 /* GFAvatarImageView.swift */; };
		98945B4828DB3FF9005C1938 /* UIHelper.swift in Sources */ = {isa = PBXBuildFile; fileRef = 98945B4728DB3FF9005C1938 /* UIHelper.swift */; };
		98945B5028DBA859005C1938 /* GFEmptyStateView.swift in Sources */ = {isa = PBXBuildFile; fileRef = 98945B4F28DBA859005C1938 /* GFEmptyStateView.swift */; };
/* End PBXBuildFile section */

/* Begin PBXFileReference section */
		989185D1290583F8001A8DA2 /* UserInfoVC.swift */ = {isa = PBXFileReference; lastKnownFileType = sourcecode.swift; path = UserInfoVC.swift; sourceTree = "<group>"; };
		989185D32905B2B6001A8DA2 /* GFSecondaryLabel.swift */ = {isa = PBXFileReference; lastKnownFileType = sourcecode.swift; path = GFSecondaryLabel.swift; sourceTree = "<group>"; };
		989185D52905B619001A8DA2 /* GFUserInfoHeaderVC.swift */ = {isa = PBXFileReference; lastKnownFileType = sourcecode.swift; path = GFUserInfoHeaderVC.swift; sourceTree = "<group>"; };
		989185D92905C3BB001A8DA2 /* Constants.swift */ = {isa = PBXFileReference; lastKnownFileType = sourcecode.swift; path = Constants.swift; sourceTree = "<group>"; };
		98945B0128D9AC6F005C1938 /* GitHub Followers.app */ = {isa = PBXFileReference; explicitFileType = wrapper.application; includeInIndex = 0; path = "GitHub Followers.app"; sourceTree = BUILT_PRODUCTS_DIR; };
		98945B0428D9AC6F005C1938 /* AppDelegate.swift */ = {isa = PBXFileReference; lastKnownFileType = sourcecode.swift; path = AppDelegate.swift; sourceTree = "<group>"; };
		98945B0628D9AC6F005C1938 /* SceneDelegate.swift */ = {isa = PBXFileReference; lastKnownFileType = sourcecode.swift; path = SceneDelegate.swift; sourceTree = "<group>"; };
		98945B0D28D9AC71005C1938 /* Assets.xcassets */ = {isa = PBXFileReference; lastKnownFileType = folder.assetcatalog; path = Assets.xcassets; sourceTree = "<group>"; };
		98945B1028D9AC71005C1938 /* Base */ = {isa = PBXFileReference; lastKnownFileType = file.storyboard; name = Base; path = Base.lproj/LaunchScreen.storyboard; sourceTree = "<group>"; };
		98945B1228D9AC71005C1938 /* Info.plist */ = {isa = PBXFileReference; lastKnownFileType = text.plist.xml; path = Info.plist; sourceTree = "<group>"; };
		98945B1C28D9C38B005C1938 /* SearchVC.swift */ = {isa = PBXFileReference; lastKnownFileType = sourcecode.swift; path = SearchVC.swift; sourceTree = "<group>"; };
		98945B1E28D9C3AF005C1938 /* FavoritesListVC.swift */ = {isa = PBXFileReference; lastKnownFileType = sourcecode.swift; path = FavoritesListVC.swift; sourceTree = "<group>"; };
		98945B2028D9CD8E005C1938 /* GFButton.swift */ = {isa = PBXFileReference; lastKnownFileType = sourcecode.swift; name = GFButton.swift; path = "GitHub Followers/Custom views/Buttons/GFButton.swift"; sourceTree = SOURCE_ROOT; };
		98945B2228D9CF19005C1938 /* GFTextField.swift */ = {isa = PBXFileReference; lastKnownFileType = sourcecode.swift; name = GFTextField.swift; path = "GitHub Followers/Custom views/TextFields/GFTextField.swift"; sourceTree = SOURCE_ROOT; };
		98945B2428D9F174005C1938 /* FollowerListVC.swift */ = {isa = PBXFileReference; lastKnownFileType = sourcecode.swift; path = FollowerListVC.swift; sourceTree = "<group>"; };
		98945B2628D9F416005C1938 /* String+Extension.swift */ = {isa = PBXFileReference; lastKnownFileType = sourcecode.swift; path = "String+Extension.swift"; sourceTree = "<group>"; };
		98945B2828DA13FC005C1938 /* GFTitleLabel.swift */ = {isa = PBXFileReference; lastKnownFileType = sourcecode.swift; path = GFTitleLabel.swift; sourceTree = "<group>"; };
		98945B2A28DA14CB005C1938 /* GFBodyLabel.swift */ = {isa = PBXFileReference; lastKnownFileType = sourcecode.swift; path = GFBodyLabel.swift; sourceTree = "<group>"; };
		98945B2C28DA1585005C1938 /* GFAlertVC.swift */ = {isa = PBXFileReference; lastKnownFileType = sourcecode.swift; path = GFAlertVC.swift; sourceTree = "<group>"; };
		98945B2E28DA15E6005C1938 /* GFContainerAlertView.swift */ = {isa = PBXFileReference; lastKnownFileType = sourcecode.swift; path = GFContainerAlertView.swift; sourceTree = "<group>"; };
		98945B3028DA1EFB005C1938 /* UIViewController+Extension.swift */ = {isa = PBXFileReference; lastKnownFileType = sourcecode.swift; path = "UIViewController+Extension.swift"; sourceTree = "<group>"; };
		98945B3728DA58E8005C1938 /* Follower.swift */ = {isa = PBXFileReference; lastKnownFileType = sourcecode.swift; path = Follower.swift; sourceTree = "<group>"; };
		98945B3928DA5988005C1938 /* User.swift */ = {isa = PBXFileReference; lastKnownFileType = sourcecode.swift; path = User.swift; sourceTree = "<group>"; };
		98945B3C28DA6C35005C1938 /* NetworkManager.swift */ = {isa = PBXFileReference; lastKnownFileType = sourcecode.swift; path = NetworkManager.swift; sourceTree = "<group>"; };
		98945B3F28DA7A76005C1938 /* GFError.swift */ = {isa = PBXFileReference; lastKnownFileType = sourcecode.swift; path = GFError.swift; sourceTree = "<group>"; };
		98945B4228DB1230005C1938 /* FollowerCells.swift */ = {isa = PBXFileReference; lastKnownFileType = sourcecode.swift; path = FollowerCells.swift; sourceTree = "<group>"; };
		98945B4428DB145E005C1938 /* GFAvatarImageView.swift */ = {isa = PBXFileReference; lastKnownFileType = sourcecode.swift; path = GFAvatarImageView.swift; sourceTree = "<group>"; };
		98945B4728DB3FF9005C1938 /* UIHelper.swift */ = {isa = PBXFileReference; lastKnownFileType = sourcecode.swift; path = UIHelper.swift; sourceTree = "<group>"; };
		98945B4F28DBA859005C1938 /* GFEmptyStateView.swift */ = {isa = PBXFileReference; lastKnownFileType = sourcecode.swift; path = GFEmptyStateView.swift; sourceTree = "<group>"; };
/* End PBXFileReference section */

/* Begin PBXFrameworksBuildPhase section */
		98945AFE28D9AC6F005C1938 /* Frameworks */ = {
			isa = PBXFrameworksBuildPhase;
			buildActionMask = 2147483647;
			files = (
			);
			runOnlyForDeploymentPostprocessing = 0;
		};
/* End PBXFrameworksBuildPhase section */

/* Begin PBXGroup section */
		98945AF828D9AC6F005C1938 = {
			isa = PBXGroup;
			children = (
				98945B0328D9AC6F005C1938 /* GitHub Followers */,
				98945B0228D9AC6F005C1938 /* Products */,
			);
			sourceTree = "<group>";
		};
		98945B0228D9AC6F005C1938 /* Products */ = {
			isa = PBXGroup;
			children = (
				98945B0128D9AC6F005C1938 /* GitHub Followers.app */,
			);
			name = Products;
			sourceTree = "<group>";
		};
		98945B0328D9AC6F005C1938 /* GitHub Followers */ = {
			isa = PBXGroup;
			children = (
				98945B3E28DA7A24005C1938 /* Utilities */,
				98945B3B28DA6C1F005C1938 /* Managers */,
				98945B3628DA58D6005C1938 /* Model */,
				98945B1228D9AC71005C1938 /* Info.plist */,
				98945B3528DA50E6005C1938 /* Custom views */,
				98945B3428DA50D3005C1938 /* Extensions */,
				98945B3328DA50A7005C1938 /* Screens */,
				98945B3228DA5083005C1938 /* Support */,
			);
			path = "GitHub Followers";
			sourceTree = "<group>";
		};
		98945B3228DA5083005C1938 /* Support */ = {
			isa = PBXGroup;
			children = (
				98945B0428D9AC6F005C1938 /* AppDelegate.swift */,
				98945B0628D9AC6F005C1938 /* SceneDelegate.swift */,
				98945B0D28D9AC71005C1938 /* Assets.xcassets */,
				98945B0F28D9AC71005C1938 /* LaunchScreen.storyboard */,
			);
			path = Support;
			sourceTree = "<group>";
		};
		98945B3328DA50A7005C1938 /* Screens */ = {
			isa = PBXGroup;
			children = (
				98945B1E28D9C3AF005C1938 /* FavoritesListVC.swift */,
				98945B1C28D9C38B005C1938 /* SearchVC.swift */,
				98945B2428D9F174005C1938 /* FollowerListVC.swift */,
				989185D1290583F8001A8DA2 /* UserInfoVC.swift */,
			);
			path = Screens;
			sourceTree = "<group>";
		};
		98945B3428DA50D3005C1938 /* Extensions */ = {
			isa = PBXGroup;
			children = (
				98945B2628D9F416005C1938 /* String+Extension.swift */,
				98945B3028DA1EFB005C1938 /* UIViewController+Extension.swift */,
			);
			path = Extensions;
			sourceTree = "<group>";
		};
		98945B3528DA50E6005C1938 /* Custom views */ = {
			isa = PBXGroup;
			children = (
				98945B4E28DBA7F1005C1938 /* ViewControllers */,
				98945B4D28DBA7E5005C1938 /* ImageViews */,
				98945B4C28DBA7D9005C1938 /* Views */,
				98945B4B28DBA7C5005C1938 /* Buttons */,
				98945B4A28DBA7B3005C1938 /* TextFields */,
				98945B4928DBA79F005C1938 /* Labels */,
				98945B4128DB1200005C1938 /* Cells */,
			);
			path = "Custom views";
			sourceTree = "<group>";
		};
		98945B3628DA58D6005C1938 /* Model */ = {
			isa = PBXGroup;
			children = (
				98945B3728DA58E8005C1938 /* Follower.swift */,
				98945B3928DA5988005C1938 /* User.swift */,
			);
			path = Model;
			sourceTree = "<group>";
		};
		98945B3B28DA6C1F005C1938 /* Managers */ = {
			isa = PBXGroup;
			children = (
				98945B3C28DA6C35005C1938 /* NetworkManager.swift */,
			);
			path = Managers;
			sourceTree = "<group>";
		};
		98945B3E28DA7A24005C1938 /* Utilities */ = {
			isa = PBXGroup;
			children = (
				98945B3F28DA7A76005C1938 /* GFError.swift */,
				98945B4728DB3FF9005C1938 /* UIHelper.swift */,
				989185D92905C3BB001A8DA2 /* Constants.swift */,
			);
			path = Utilities;
			sourceTree = "<group>";
		};
		98945B4128DB1200005C1938 /* Cells */ = {
			isa = PBXGroup;
			children = (
				98945B4228DB1230005C1938 /* FollowerCells.swift */,
			);
			path = Cells;
			sourceTree = "<group>";
		};
		98945B4928DBA79F005C1938 /* Labels */ = {
			isa = PBXGroup;
			children = (
				98945B2828DA13FC005C1938 /* GFTitleLabel.swift */,
				98945B2A28DA14CB005C1938 /* GFBodyLabel.swift */,
				989185D32905B2B6001A8DA2 /* GFSecondaryLabel.swift */,
			);
			path = Labels;
			sourceTree = "<group>";
		};
		98945B4A28DBA7B3005C1938 /* TextFields */ = {
			isa = PBXGroup;
			children = (
				98945B2228D9CF19005C1938 /* GFTextField.swift */,
			);
			path = TextFields;
			sourceTree = "<group>";
		};
		98945B4B28DBA7C5005C1938 /* Buttons */ = {
			isa = PBXGroup;
			children = (
				98945B2028D9CD8E005C1938 /* GFButton.swift */,
			);
			path = Buttons;
			sourceTree = "<group>";
		};
		98945B4C28DBA7D9005C1938 /* Views */ = {
			isa = PBXGroup;
			children = (
				98945B2E28DA15E6005C1938 /* GFContainerAlertView.swift */,
				98945B4F28DBA859005C1938 /* GFEmptyStateView.swift */,
			);
			path = Views;
			sourceTree = "<group>";
		};
		98945B4D28DBA7E5005C1938 /* ImageViews */ = {
			isa = PBXGroup;
			children = (
				98945B4428DB145E005C1938 /* GFAvatarImageView.swift */,
			);
			path = ImageViews;
			sourceTree = "<group>";
		};
		98945B4E28DBA7F1005C1938 /* ViewControllers */ = {
			isa = PBXGroup;
			children = (
				98945B2C28DA1585005C1938 /* GFAlertVC.swift */,
				989185D52905B619001A8DA2 /* GFUserInfoHeaderVC.swift */,
			);
			path = ViewControllers;
			sourceTree = "<group>";
		};
/* End PBXGroup section */

/* Begin PBXNativeTarget section */
		98945B0028D9AC6F005C1938 /* GitHub Followers */ = {
			isa = PBXNativeTarget;
			buildConfigurationList = 98945B1528D9AC71005C1938 /* Build configuration list for PBXNativeTarget "GitHub Followers" */;
			buildPhases = (
				98945AFD28D9AC6F005C1938 /* Sources */,
				98945AFE28D9AC6F005C1938 /* Frameworks */,
				98945AFF28D9AC6F005C1938 /* Resources */,
			);
			buildRules = (
			);
			dependencies = (
			);
			name = "GitHub Followers";
			productName = "GitHub Followers";
			productReference = 98945B0128D9AC6F005C1938 /* GitHub Followers.app */;
			productType = "com.apple.product-type.application";
		};
/* End PBXNativeTarget section */

/* Begin PBXProject section */
		98945AF928D9AC6F005C1938 /* Project object */ = {
			isa = PBXProject;
			attributes = {
				BuildIndependentTargetsInParallel = 1;
				LastSwiftUpdateCheck = 1340;
				LastUpgradeCheck = 1340;
				TargetAttributes = {
					98945B0028D9AC6F005C1938 = {
						CreatedOnToolsVersion = 13.4.1;
					};
				};
			};
			buildConfigurationList = 98945AFC28D9AC6F005C1938 /* Build configuration list for PBXProject "GitHub Followers" */;
			compatibilityVersion = "Xcode 13.0";
			developmentRegion = en;
			hasScannedForEncodings = 0;
			knownRegions = (
				en,
				Base,
			);
			mainGroup = 98945AF828D9AC6F005C1938;
			productRefGroup = 98945B0228D9AC6F005C1938 /* Products */;
			projectDirPath = "";
			projectRoot = "";
			targets = (
				98945B0028D9AC6F005C1938 /* GitHub Followers */,
			);
		};
/* End PBXProject section */

/* Begin PBXResourcesBuildPhase section */
		98945AFF28D9AC6F005C1938 /* Resources */ = {
			isa = PBXResourcesBuildPhase;
			buildActionMask = 2147483647;
			files = (
				98945B1128D9AC71005C1938 /* LaunchScreen.storyboard in Resources */,
				98945B0E28D9AC71005C1938 /* Assets.xcassets in Resources */,
			);
			runOnlyForDeploymentPostprocessing = 0;
		};
/* End PBXResourcesBuildPhase section */

/* Begin PBXSourcesBuildPhase section */
		98945AFD28D9AC6F005C1938 /* Sources */ = {
			isa = PBXSourcesBuildPhase;
			buildActionMask = 2147483647;
			files = (
				989185DA2905C3BB001A8DA2 /* Constants.swift in Sources */,
				98945B2F28DA15E6005C1938 /* GFContainerAlertView.swift in Sources */,
				98945B4028DA7A76005C1938 /* GFError.swift in Sources */,
				98945B4528DB145E005C1938 /* GFAvatarImageView.swift in Sources */,
				98945B4828DB3FF9005C1938 /* UIHelper.swift in Sources */,
				98945B3828DA58E8005C1938 /* Follower.swift in Sources */,
				989185D62905B619001A8DA2 /* GFUserInfoHeaderVC.swift in Sources */,
				98945B3128DA1EFB005C1938 /* UIViewController+Extension.swift in Sources */,
				98945B2728D9F416005C1938 /* String+Extension.swift in Sources */,
				98945B4328DB1230005C1938 /* FollowerCells.swift in Sources */,
				98945B3D28DA6C35005C1938 /* NetworkManager.swift in Sources */,
				98945B2328D9CF19005C1938 /* GFTextField.swift in Sources */,
				98945B1D28D9C38B005C1938 /* SearchVC.swift in Sources */,
				98945B2128D9CD8E005C1938 /* GFButton.swift in Sources */,
				989185D42905B2B6001A8DA2 /* GFSecondaryLabel.swift in Sources */,
				98945B1F28D9C3AF005C1938 /* FavoritesListVC.swift in Sources */,
				98945B3A28DA5988005C1938 /* User.swift in Sources */,
				98945B2D28DA1585005C1938 /* GFAlertVC.swift in Sources */,
				98945B5028DBA859005C1938 /* GFEmptyStateView.swift in Sources */,
				98945B2528D9F174005C1938 /* FollowerListVC.swift in Sources */,
				98945B2928DA13FC005C1938 /* GFTitleLabel.swift in Sources */,
				98945B0528D9AC6F005C1938 /* AppDelegate.swift in Sources */,
				98945B0728D9AC6F005C1938 /* SceneDelegate.swift in Sources */,
				98945B2B28DA14CB005C1938 /* GFBodyLabel.swift in Sources */,
				989185D2290583F8001A8DA2 /* UserInfoVC.swift in Sources */,
			);
			runOnlyForDeploymentPostprocessing = 0;
		};
/* End PBXSourcesBuildPhase section */

/* Begin PBXVariantGroup section */
		98945B0F28D9AC71005C1938 /* LaunchScreen.storyboard */ = {
			isa = PBXVariantGroup;
			children = (
				98945B1028D9AC71005C1938 /* Base */,
			);
			name = LaunchScreen.storyboard;
			sourceTree = "<group>";
		};
/* End PBXVariantGroup section */

/* Begin XCBuildConfiguration section */
		98945B1328D9AC71005C1938 /* Debug */ = {
			isa = XCBuildConfiguration;
			buildSettings = {
				ALWAYS_SEARCH_USER_PATHS = NO;
				CLANG_ANALYZER_NONNULL = YES;
				CLANG_ANALYZER_NUMBER_OBJECT_CONVERSION = YES_AGGRESSIVE;
				CLANG_CXX_LANGUAGE_STANDARD = "gnu++17";
				CLANG_ENABLE_MODULES = YES;
				CLANG_ENABLE_OBJC_ARC = YES;
				CLANG_ENABLE_OBJC_WEAK = YES;
				CLANG_WARN_BLOCK_CAPTURE_AUTORELEASING = YES;
				CLANG_WARN_BOOL_CONVERSION = YES;
				CLANG_WARN_COMMA = YES;
				CLANG_WARN_CONSTANT_CONVERSION = YES;
				CLANG_WARN_DEPRECATED_OBJC_IMPLEMENTATIONS = YES;
				CLANG_WARN_DIRECT_OBJC_ISA_USAGE = YES_ERROR;
				CLANG_WARN_DOCUMENTATION_COMMENTS = YES;
				CLANG_WARN_EMPTY_BODY = YES;
				CLANG_WARN_ENUM_CONVERSION = YES;
				CLANG_WARN_INFINITE_RECURSION = YES;
				CLANG_WARN_INT_CONVERSION = YES;
				CLANG_WARN_NON_LITERAL_NULL_CONVERSION = YES;
				CLANG_WARN_OBJC_IMPLICIT_RETAIN_SELF = YES;
				CLANG_WARN_OBJC_LITERAL_CONVERSION = YES;
				CLANG_WARN_OBJC_ROOT_CLASS = YES_ERROR;
				CLANG_WARN_QUOTED_INCLUDE_IN_FRAMEWORK_HEADER = YES;
				CLANG_WARN_RANGE_LOOP_ANALYSIS = YES;
				CLANG_WARN_STRICT_PROTOTYPES = YES;
				CLANG_WARN_SUSPICIOUS_MOVE = YES;
				CLANG_WARN_UNGUARDED_AVAILABILITY = YES_AGGRESSIVE;
				CLANG_WARN_UNREACHABLE_CODE = YES;
				CLANG_WARN__DUPLICATE_METHOD_MATCH = YES;
				COPY_PHASE_STRIP = NO;
				DEBUG_INFORMATION_FORMAT = dwarf;
				ENABLE_STRICT_OBJC_MSGSEND = YES;
				ENABLE_TESTABILITY = YES;
				GCC_C_LANGUAGE_STANDARD = gnu11;
				GCC_DYNAMIC_NO_PIC = NO;
				GCC_NO_COMMON_BLOCKS = YES;
				GCC_OPTIMIZATION_LEVEL = 0;
				GCC_PREPROCESSOR_DEFINITIONS = (
					"DEBUG=1",
					"$(inherited)",
				);
				GCC_WARN_64_TO_32_BIT_CONVERSION = YES;
				GCC_WARN_ABOUT_RETURN_TYPE = YES_ERROR;
				GCC_WARN_UNDECLARED_SELECTOR = YES;
				GCC_WARN_UNINITIALIZED_AUTOS = YES_AGGRESSIVE;
				GCC_WARN_UNUSED_FUNCTION = YES;
				GCC_WARN_UNUSED_VARIABLE = YES;
				IPHONEOS_DEPLOYMENT_TARGET = 15.1;
				MTL_ENABLE_DEBUG_INFO = INCLUDE_SOURCE;
				MTL_FAST_MATH = YES;
				ONLY_ACTIVE_ARCH = YES;
				SDKROOT = iphoneos;
				SWIFT_ACTIVE_COMPILATION_CONDITIONS = DEBUG;
				SWIFT_OPTIMIZATION_LEVEL = "-Onone";
			};
			name = Debug;
		};
		98945B1428D9AC71005C1938 /* Release */ = {
			isa = XCBuildConfiguration;
			buildSettings = {
				ALWAYS_SEARCH_USER_PATHS = NO;
				CLANG_ANALYZER_NONNULL = YES;
				CLANG_ANALYZER_NUMBER_OBJECT_CONVERSION = YES_AGGRESSIVE;
				CLANG_CXX_LANGUAGE_STANDARD = "gnu++17";
				CLANG_ENABLE_MODULES = YES;
				CLANG_ENABLE_OBJC_ARC = YES;
				CLANG_ENABLE_OBJC_WEAK = YES;
				CLANG_WARN_BLOCK_CAPTURE_AUTORELEASING = YES;
				CLANG_WARN_BOOL_CONVERSION = YES;
				CLANG_WARN_COMMA = YES;
				CLANG_WARN_CONSTANT_CONVERSION = YES;
				CLANG_WARN_DEPRECATED_OBJC_IMPLEMENTATIONS = YES;
				CLANG_WARN_DIRECT_OBJC_ISA_USAGE = YES_ERROR;
				CLANG_WARN_DOCUMENTATION_COMMENTS = YES;
				CLANG_WARN_EMPTY_BODY = YES;
				CLANG_WARN_ENUM_CONVERSION = YES;
				CLANG_WARN_INFINITE_RECURSION = YES;
				CLANG_WARN_INT_CONVERSION = YES;
				CLANG_WARN_NON_LITERAL_NULL_CONVERSION = YES;
				CLANG_WARN_OBJC_IMPLICIT_RETAIN_SELF = YES;
				CLANG_WARN_OBJC_LITERAL_CONVERSION = YES;
				CLANG_WARN_OBJC_ROOT_CLASS = YES_ERROR;
				CLANG_WARN_QUOTED_INCLUDE_IN_FRAMEWORK_HEADER = YES;
				CLANG_WARN_RANGE_LOOP_ANALYSIS = YES;
				CLANG_WARN_STRICT_PROTOTYPES = YES;
				CLANG_WARN_SUSPICIOUS_MOVE = YES;
				CLANG_WARN_UNGUARDED_AVAILABILITY = YES_AGGRESSIVE;
				CLANG_WARN_UNREACHABLE_CODE = YES;
				CLANG_WARN__DUPLICATE_METHOD_MATCH = YES;
				COPY_PHASE_STRIP = NO;
				DEBUG_INFORMATION_FORMAT = "dwarf-with-dsym";
				ENABLE_NS_ASSERTIONS = NO;
				ENABLE_STRICT_OBJC_MSGSEND = YES;
				GCC_C_LANGUAGE_STANDARD = gnu11;
				GCC_NO_COMMON_BLOCKS = YES;
				GCC_WARN_64_TO_32_BIT_CONVERSION = YES;
				GCC_WARN_ABOUT_RETURN_TYPE = YES_ERROR;
				GCC_WARN_UNDECLARED_SELECTOR = YES;
				GCC_WARN_UNINITIALIZED_AUTOS = YES_AGGRESSIVE;
				GCC_WARN_UNUSED_FUNCTION = YES;
				GCC_WARN_UNUSED_VARIABLE = YES;
				IPHONEOS_DEPLOYMENT_TARGET = 15.1;
				MTL_ENABLE_DEBUG_INFO = NO;
				MTL_FAST_MATH = YES;
				SDKROOT = iphoneos;
				SWIFT_COMPILATION_MODE = wholemodule;
				SWIFT_OPTIMIZATION_LEVEL = "-O";
				VALIDATE_PRODUCT = YES;
			};
			name = Release;
		};
		98945B1628D9AC71005C1938 /* Debug */ = {
			isa = XCBuildConfiguration;
			buildSettings = {
				ASSETCATALOG_COMPILER_APPICON_NAME = AppIcon;
				ASSETCATALOG_COMPILER_GLOBAL_ACCENT_COLOR_NAME = AccentColor;
				CODE_SIGN_STYLE = Automatic;
				CURRENT_PROJECT_VERSION = 1;
				DEVELOPMENT_TEAM = LS9KCLNUZN;
				GENERATE_INFOPLIST_FILE = YES;
				INFOPLIST_FILE = "GitHub Followers/Info.plist";
				INFOPLIST_KEY_UIApplicationSupportsIndirectInputEvents = YES;
				INFOPLIST_KEY_UILaunchStoryboardName = LaunchScreen;
				INFOPLIST_KEY_UISupportedInterfaceOrientations = UIInterfaceOrientationPortrait;
				INFOPLIST_KEY_UISupportedInterfaceOrientations_iPad = "UIInterfaceOrientationPortrait UIInterfaceOrientationPortraitUpsideDown UIInterfaceOrientationLandscapeLeft UIInterfaceOrientationLandscapeRight";
				INFOPLIST_KEY_UISupportedInterfaceOrientations_iPhone = "UIInterfaceOrientationPortrait UIInterfaceOrientationLandscapeLeft UIInterfaceOrientationLandscapeRight";
				IPHONEOS_DEPLOYMENT_TARGET = 15.5;
				LD_RUNPATH_SEARCH_PATHS = (
					"$(inherited)",
					"@executable_path/Frameworks",
				);
				MARKETING_VERSION = 1.0;
				PRODUCT_BUNDLE_IDENTIFIER = "sergeyZlobin.1988.sargez.GitHub-Followers";
				PRODUCT_NAME = "$(TARGET_NAME)";
				SWIFT_EMIT_LOC_STRINGS = YES;
				SWIFT_VERSION = 5.0;
				TARGETED_DEVICE_FAMILY = 1;
			};
			name = Debug;
		};
		98945B1728D9AC71005C1938 /* Release */ = {
			isa = XCBuildConfiguration;
			buildSettings = {
				ASSETCATALOG_COMPILER_APPICON_NAME = AppIcon;
				ASSETCATALOG_COMPILER_GLOBAL_ACCENT_COLOR_NAME = AccentColor;
				CODE_SIGN_STYLE = Automatic;
				CURRENT_PROJECT_VERSION = 1;
				DEVELOPMENT_TEAM = LS9KCLNUZN;
				GENERATE_INFOPLIST_FILE = YES;
				INFOPLIST_FILE = "GitHub Followers/Info.plist";
				INFOPLIST_KEY_UIApplicationSupportsIndirectInputEvents = YES;
				INFOPLIST_KEY_UILaunchStoryboardName = LaunchScreen;
				INFOPLIST_KEY_UISupportedInterfaceOrientations = UIInterfaceOrientationPortrait;
				INFOPLIST_KEY_UISupportedInterfaceOrientations_iPad = "UIInterfaceOrientationPortrait UIInterfaceOrientationPortraitUpsideDown UIInterfaceOrientationLandscapeLeft UIInterfaceOrientationLandscapeRight";
				INFOPLIST_KEY_UISupportedInterfaceOrientations_iPhone = "UIInterfaceOrientationPortrait UIInterfaceOrientationLandscapeLeft UIInterfaceOrientationLandscapeRight";
				IPHONEOS_DEPLOYMENT_TARGET = 15.5;
				LD_RUNPATH_SEARCH_PATHS = (
					"$(inherited)",
					"@executable_path/Frameworks",
				);
				MARKETING_VERSION = 1.0;
				PRODUCT_BUNDLE_IDENTIFIER = "sergeyZlobin.1988.sargez.GitHub-Followers";
				PRODUCT_NAME = "$(TARGET_NAME)";
				SWIFT_EMIT_LOC_STRINGS = YES;
				SWIFT_VERSION = 5.0;
				TARGETED_DEVICE_FAMILY = 1;
			};
			name = Release;
		};
/* End XCBuildConfiguration section */

/* Begin XCConfigurationList section */
		98945AFC28D9AC6F005C1938 /* Build configuration list for PBXProject "GitHub Followers" */ = {
			isa = XCConfigurationList;
			buildConfigurations = (
				98945B1328D9AC71005C1938 /* Debug */,
				98945B1428D9AC71005C1938 /* Release */,
			);
			defaultConfigurationIsVisible = 0;
			defaultConfigurationName = Release;
		};
		98945B1528D9AC71005C1938 /* Build configuration list for PBXNativeTarget "GitHub Followers" */ = {
			isa = XCConfigurationList;
			buildConfigurations = (
				98945B1628D9AC71005C1938 /* Debug */,
				98945B1728D9AC71005C1938 /* Release */,
			);
			defaultConfigurationIsVisible = 0;
			defaultConfigurationName = Release;
		};
/* End XCConfigurationList section */
	};
	rootObject = 98945AF928D9AC6F005C1938 /* Project object */;
}
